# THIS IS AN AUTOGENERATED FILE. DO NOT EDIT THIS FILE DIRECTLY.
# yarn lockfile v1


react-native-device-info@^8.4.8:
  version "8.4.8"
  resolved "https://registry.yarnpkg.com/react-native-device-info/-/react-native-device-info-8.4.8.tgz#fc92ae423e47db6cfbf30c30012e09cee63727fa"
  integrity sha512-92676ZWHZHsPM/EW1ulgb2MuVfjYfMWRTWMbLcrCsipkcMaZ9Traz5mpsnCS7KZpsOksnvUinzDIjsct2XGc6Q==
